
Microsoft Visual Studio Solution File, Format Version 12.00
# Visual Studio Version 16
VisualStudioVersion = 16.0.31112.23
MinimumVisualStudioVersion = 10.0.40219.1
Project("{FAE04EC0-301F-11D3-BF4B-00C04F79EFBC}") = "WheresThisTaken", "WheresThisTaken\WheresThisTaken.csproj", "{9CC26C96-69B7-45C1-9BAF-BAC7B5D07C14}"
EndProject
Global
	GlobalSection(SolutionConfigurationPlatforms) = preSolution
		Debug|Any CPU = Debug|Any CPU
		Release|Any CPU = Release|Any CPU
	EndGlobalSection
	GlobalSection(ProjectConfigurationPlatforms) = postSolution
		{9CC26C96-69B7-45C1-9BAF-BAC7B5D07C14}.Debug|Any CPU.ActiveCfg = Debug|Any CPU
		{9CC26C96-69B7-45C1-9BAF-BAC7B5D07C14}.Debug|Any CPU.Build.0 = Debug|Any CPU
		{9CC26C96-69B7-45C1-9BAF-BAC7B5D07C14}.Release|Any CPU.ActiveCfg = Release|Any CPU
		{9CC26C96-69B7-45C1-9BAF-BAC7B5D07C14}.Release|Any CPU.Build.0 = Release|Any CPU
	EndGlobalSection
	GlobalSection(SolutionProperties) = preSolution
		HideSolutionNode = FALSE
	EndGlobalSection
	GlobalSection(ExtensibilityGlobals) = postSolution
		SolutionGuid = {D100FA56-1F10-4950-B8A5-15B3DC155858}
	EndGlobalSection
EndGlobal
